
Microsoft Visual Studio Solution File, Format Version 12.00
# Visual Studio Version 17
VisualStudioVersion = 17.9.34622.214
MinimumVisualStudioVersion = 10.0.40219.1
Project("{FAE04EC0-301F-11D3-BF4B-00C04F79EFBC}") = "test", "test\test.csproj", "{64BAFB10-718D-4256-85EB-B7E2ADBB716D}"
EndProject
Global
	GlobalSection(SolutionConfigurationPlatforms) = preSolution
		Debug|Any CPU = Debug|Any CPU
		Release|Any CPU = Release|Any CPU
	EndGlobalSection
	GlobalSection(ProjectConfigurationPlatforms) = postSolution
		{64BAFB10-718D-4256-85EB-B7E2ADBB716D}.Debug|Any CPU.ActiveCfg = Debug|Any CPU
		{64BAFB10-718D-4256-85EB-B7E2ADBB716D}.Debug|Any CPU.Build.0 = Debug|Any CPU
		{64BAFB10-718D-4256-85EB-B7E2ADBB716D}.Release|Any CPU.ActiveCfg = Release|Any CPU
		{64BAFB10-718D-4256-85EB-B7E2ADBB716D}.Release|Any CPU.Build.0 = Release|Any CPU
	EndGlobalSection
	GlobalSection(SolutionProperties) = preSolution
		HideSolutionNode = FALSE
	EndGlobalSection
	GlobalSection(ExtensibilityGlobals) = postSolution
		SolutionGuid = {C69AD2ED-ABE1-4CDF-BF37-EAC9EF39CBB3}
	EndGlobalSection
EndGlobal
