
Microsoft Visual Studio Solution File, Format Version 12.00
# Visual Studio Version 17
VisualStudioVersion = 17.13.35818.85 d17.13
MinimumVisualStudioVersion = 10.0.40219.1
Project("{FAE04EC0-301F-11D3-BF4B-00C04F79EFBC}") = "BoolVariable", "BoolVariable.csproj", "{EAC0F741-8780-4C42-90F4-6E4991DC2474}"
EndProject
Global
	GlobalSection(SolutionConfigurationPlatforms) = preSolution
		Debug|Any CPU = Debug|Any CPU
		Release|Any CPU = Release|Any CPU
	EndGlobalSection
	GlobalSection(ProjectConfigurationPlatforms) = postSolution
		{EAC0F741-8780-4C42-90F4-6E4991DC2474}.Debug|Any CPU.ActiveCfg = Debug|Any CPU
		{EAC0F741-8780-4C42-90F4-6E4991DC2474}.Debug|Any CPU.Build.0 = Debug|Any CPU
		{EAC0F741-8780-4C42-90F4-6E4991DC2474}.Release|Any CPU.ActiveCfg = Release|Any CPU
		{EAC0F741-8780-4C42-90F4-6E4991DC2474}.Release|Any CPU.Build.0 = Release|Any CPU
	EndGlobalSection
	GlobalSection(SolutionProperties) = preSolution
		HideSolutionNode = FALSE
	EndGlobalSection
	GlobalSection(ExtensibilityGlobals) = postSolution
		SolutionGuid = {AE4E3AEC-9D10-4D99-9223-1BA381280C09}
	EndGlobalSection
EndGlobal
