
Microsoft Visual Studio Solution File, Format Version 12.00
# Visual Studio Version 17
VisualStudioVersion = 17.9.34622.214
MinimumVisualStudioVersion = 10.0.40219.1
Project("{2150E333-8FDC-42A3-9474-1A3956D46DE8}") = "src", "src", "{B923E972-A176-4FC6-9D27-12CBBF539103}"
EndProject
Project("{2150E333-8FDC-42A3-9474-1A3956D46DE8}") = "test", "test", "{9A5DA650-2E61-4008-AEF2-E16C732A7ADE}"
EndProject
Project("{FAE04EC0-301F-11D3-BF4B-00C04F79EFBC}") = "Bookify.Domain", "..\Bookify.Domain\Bookify.Domain.csproj", "{9D5E2DA5-5469-48EE-BA99-A153A6CF0E28}"
EndProject
Global
	GlobalSection(SolutionConfigurationPlatforms) = preSolution
		Debug|Any CPU = Debug|Any CPU
		Release|Any CPU = Release|Any CPU
	EndGlobalSection
	GlobalSection(ProjectConfigurationPlatforms) = postSolution
		{9D5E2DA5-5469-48EE-BA99-A153A6CF0E28}.Debug|Any CPU.ActiveCfg = Debug|Any CPU
		{9D5E2DA5-5469-48EE-BA99-A153A6CF0E28}.Debug|Any CPU.Build.0 = Debug|Any CPU
		{9D5E2DA5-5469-48EE-BA99-A153A6CF0E28}.Release|Any CPU.ActiveCfg = Release|Any CPU
		{9D5E2DA5-5469-48EE-BA99-A153A6CF0E28}.Release|Any CPU.Build.0 = Release|Any CPU
	EndGlobalSection
	GlobalSection(SolutionProperties) = preSolution
		HideSolutionNode = FALSE
	EndGlobalSection
	GlobalSection(NestedProjects) = preSolution
		{9D5E2DA5-5469-48EE-BA99-A153A6CF0E28} = {B923E972-A176-4FC6-9D27-12CBBF539103}
	EndGlobalSection
	GlobalSection(ExtensibilityGlobals) = postSolution
		SolutionGuid = {A521E19F-56EA-4560-BAF2-8929855E01C4}
	EndGlobalSection
EndGlobal
