
Microsoft Visual Studio Solution File, Format Version 12.00
# Visual Studio Version 17
VisualStudioVersion = 17.9.34622.214
MinimumVisualStudioVersion = 10.0.40219.1
Project("{FAE04EC0-301F-11D3-BF4B-00C04F79EFBC}") = "File Compresser", "File Compresser\File Compresser.csproj", "{A30BF296-57D1-4B31-AF1B-00ED16FDF7D8}"
EndProject
Global
	GlobalSection(SolutionConfigurationPlatforms) = preSolution
		Debug|Any CPU = Debug|Any CPU
		Release|Any CPU = Release|Any CPU
	EndGlobalSection
	GlobalSection(ProjectConfigurationPlatforms) = postSolution
		{A30BF296-57D1-4B31-AF1B-00ED16FDF7D8}.Debug|Any CPU.ActiveCfg = Debug|Any CPU
		{A30BF296-57D1-4B31-AF1B-00ED16FDF7D8}.Debug|Any CPU.Build.0 = Debug|Any CPU
		{A30BF296-57D1-4B31-AF1B-00ED16FDF7D8}.Release|Any CPU.ActiveCfg = Release|Any CPU
		{A30BF296-57D1-4B31-AF1B-00ED16FDF7D8}.Release|Any CPU.Build.0 = Release|Any CPU
	EndGlobalSection
	GlobalSection(SolutionProperties) = preSolution
		HideSolutionNode = FALSE
	EndGlobalSection
	GlobalSection(ExtensibilityGlobals) = postSolution
		SolutionGuid = {AE9C6C7D-3445-41EC-8148-27E42DBE901D}
	EndGlobalSection
EndGlobal
