
Microsoft Visual Studio Solution File, Format Version 12.00
# Visual Studio Version 17
VisualStudioVersion = 17.13.35818.85 d17.13
MinimumVisualStudioVersion = 10.0.40219.1
Project("{FAE04EC0-301F-11D3-BF4B-00C04F79EFBC}") = "DecimalVariables", "DecimalVariables.csproj", "{6B23936F-7102-432A-BF96-DE1468F1AB83}"
EndProject
Global
	GlobalSection(SolutionConfigurationPlatforms) = preSolution
		Debug|Any CPU = Debug|Any CPU
		Release|Any CPU = Release|Any CPU
	EndGlobalSection
	GlobalSection(ProjectConfigurationPlatforms) = postSolution
		{6B23936F-7102-432A-BF96-DE1468F1AB83}.Debug|Any CPU.ActiveCfg = Debug|Any CPU
		{6B23936F-7102-432A-BF96-DE1468F1AB83}.Debug|Any CPU.Build.0 = Debug|Any CPU
		{6B23936F-7102-432A-BF96-DE1468F1AB83}.Release|Any CPU.ActiveCfg = Release|Any CPU
		{6B23936F-7102-432A-BF96-DE1468F1AB83}.Release|Any CPU.Build.0 = Release|Any CPU
	EndGlobalSection
	GlobalSection(SolutionProperties) = preSolution
		HideSolutionNode = FALSE
	EndGlobalSection
	GlobalSection(ExtensibilityGlobals) = postSolution
		SolutionGuid = {86D7ACC5-21AE-4C92-9036-913CA2BB2DE2}
	EndGlobalSection
EndGlobal
