
Microsoft Visual Studio Solution File, Format Version 12.00
# Visual Studio Version 17
VisualStudioVersion = 17.9.34622.214
MinimumVisualStudioVersion = 10.0.40219.1
Project("{FAE04EC0-301F-11D3-BF4B-00C04F79EFBC}") = "SchoolHRAdminstrration", "SchoolHRAdminstrration\SchoolHRAdminstrration.csproj", "{6527328C-DADB-4A08-A1E8-4140E8FBFF14}"
EndProject
Project("{FAE04EC0-301F-11D3-BF4B-00C04F79EFBC}") = "HRAdministrationaAPI", "HRAdministrationaAPI\HRAdministrationaAPI.csproj", "{48C85BC4-3CA3-40CE-AD8A-DD4D97A5FE46}"
EndProject
Global
	GlobalSection(SolutionConfigurationPlatforms) = preSolution
		Debug|Any CPU = Debug|Any CPU
		Release|Any CPU = Release|Any CPU
	EndGlobalSection
	GlobalSection(ProjectConfigurationPlatforms) = postSolution
		{6527328C-DADB-4A08-A1E8-4140E8FBFF14}.Debug|Any CPU.ActiveCfg = Debug|Any CPU
		{6527328C-DADB-4A08-A1E8-4140E8FBFF14}.Debug|Any CPU.Build.0 = Debug|Any CPU
		{6527328C-DADB-4A08-A1E8-4140E8FBFF14}.Release|Any CPU.ActiveCfg = Release|Any CPU
		{6527328C-DADB-4A08-A1E8-4140E8FBFF14}.Release|Any CPU.Build.0 = Release|Any CPU
		{48C85BC4-3CA3-40CE-AD8A-DD4D97A5FE46}.Debug|Any CPU.ActiveCfg = Debug|Any CPU
		{48C85BC4-3CA3-40CE-AD8A-DD4D97A5FE46}.Debug|Any CPU.Build.0 = Debug|Any CPU
		{48C85BC4-3CA3-40CE-AD8A-DD4D97A5FE46}.Release|Any CPU.ActiveCfg = Release|Any CPU
		{48C85BC4-3CA3-40CE-AD8A-DD4D97A5FE46}.Release|Any CPU.Build.0 = Release|Any CPU
	EndGlobalSection
	GlobalSection(SolutionProperties) = preSolution
		HideSolutionNode = FALSE
	EndGlobalSection
	GlobalSection(ExtensibilityGlobals) = postSolution
		SolutionGuid = {CDB993CB-CAF4-4087-B04C-645BA347415F}
	EndGlobalSection
EndGlobal
